PODS:
  - MarqueeLabel (4.3.0)
  - MSPeekCollectionViewDelegateImplementation (3.2.0)

DEPENDENCIES:
  - MarqueeLabel
  - MSPeekCollectionViewDelegateImplementation

SPEC REPOS:
  trunk:
    - MarqueeLabel
    - MSPeekCollectionViewDelegateImplementation

SPEC CHECKSUMS:
  MarqueeLabel: 02f5ac8fd6877c94564556cb93fa86c70c08baeb
  MSPeekCollectionViewDelegateImplementation: be35a217bd302976a9e4476151be992c1f150127

PODFILE CHECKSUM: f28e10c6b4ce89a53ad2081929d6d3e5adef46a5

COCOAPODS: 1.11.2
