// !$*UTF8*$!
{
	archiveVersion = 1;
	classes = {
	};
	objectVersion = 55;
	objects = {

/* Begin PBXBuildFile section */
		161C7A8555A6B478A5AFB2FD /* Pods_Movies_App.framework in Frameworks */ = {isa = PBXBuildFile; fileRef = 6A942A8DC7450DBA005CC3C5 /* Pods_Movies_App.framework */; };
		9F1220CA278A169100B5CDE5 /* Genre.swift in Sources */ = {isa = PBXBuildFile; fileRef = 9F1220C9278A169100B5CDE5 /* Genre.swift */; };
		9F1220CC278A184F00B5CDE5 /* GenresResponse.swift in Sources */ = {isa = PBXBuildFile; fileRef = 9F1220CB278A184F00B5CDE5 /* GenresResponse.swift */; };
		9F23C940278E000A001C434C /* DetailsViewController.swift in Sources */ = {isa = PBXBuildFile; fileRef = 9F23C93F278E000A001C434C /* DetailsViewController.swift */; };
		9F23C942278E004E001C434C /* FavouritesViewController.swift in Sources */ = {isa = PBXBuildFile; fileRef = 9F23C941278E004E001C434C /* FavouritesViewController.swift */; };
		9F275DFD278B084100C95E2B /* GenresDataBase.swift in Sources */ = {isa = PBXBuildFile; fileRef = 9F275DFC278B084100C95E2B /* GenresDataBase.swift */; };
		9F275E01278B37A500C95E2B /* String+DateFormat.swift in Sources */ = {isa = PBXBuildFile; fileRef = 9F275E00278B37A500C95E2B /* String+DateFormat.swift */; };
		9F275E05278B5F9300C95E2B /* StaticEndpoint.swift in Sources */ = {isa = PBXBuildFile; fileRef = 9F275E04278B5F9300C95E2B /* StaticEndpoint.swift */; };
		9F275E08278B68B200C95E2B /* UIView+RoundCorners.swift in Sources */ = {isa = PBXBuildFile; fileRef = 9F275E07278B68B200C95E2B /* UIView+RoundCorners.swift */; };
		9F32C95D2799EBC200B51B4E /* UIView+Shadow.swift in Sources */ = {isa = PBXBuildFile; fileRef = 9F32C95C2799EBC200B51B4E /* UIView+Shadow.swift */; };
		9F32C962279A0B0100B51B4E /* NotificationName+Keys.swift in Sources */ = {isa = PBXBuildFile; fileRef = 9F32C961279A0B0100B51B4E /* NotificationName+Keys.swift */; };
		9F39B9AC2778E8E80090D9BA /* Endpoint Protocol.swift in Sources */ = {isa = PBXBuildFile; fileRef = 9F39B9AB2778E8E80090D9BA /* Endpoint Protocol.swift */; };
		9F39B9AE2778EA500090D9BA /* MoviesDbEndpoint.swift in Sources */ = {isa = PBXBuildFile; fileRef = 9F39B9AD2778EA500090D9BA /* MoviesDbEndpoint.swift */; };
		9F39B9B027791E350090D9BA /* Movie.swift in Sources */ = {isa = PBXBuildFile; fileRef = 9F39B9AF27791E350090D9BA /* Movie.swift */; };
		9F39B9B4277923A80090D9BA /* NetworkEngine.swift in Sources */ = {isa = PBXBuildFile; fileRef = 9F39B9B3277923A80090D9BA /* NetworkEngine.swift */; };
		9F89344D278CC0EE00360719 /* MoviesResponse.swift in Sources */ = {isa = PBXBuildFile; fileRef = 9F89344C278CC0EE00360719 /* MoviesResponse.swift */; };
		9F89344F278CE23000360719 /* TopRatedMovies Cell.swift in Sources */ = {isa = PBXBuildFile; fileRef = 9F89344E278CE23000360719 /* TopRatedMovies Cell.swift */; };
		9F8FF65627935D44001FDF67 /* SearchViewController.swift in Sources */ = {isa = PBXBuildFile; fileRef = 9F8FF65527935D44001FDF67 /* SearchViewController.swift */; };
		9F8FF6582793699D001FDF67 /* NavigationManager.swift in Sources */ = {isa = PBXBuildFile; fileRef = 9F8FF6572793699D001FDF67 /* NavigationManager.swift */; };
		9F98882227779870002D0EDB /* AppDelegate.swift in Sources */ = {isa = PBXBuildFile; fileRef = 9F98882127779870002D0EDB /* AppDelegate.swift */; };
		9F98882427779870002D0EDB /* SceneDelegate.swift in Sources */ = {isa = PBXBuildFile; fileRef = 9F98882327779870002D0EDB /* SceneDelegate.swift */; };
		9F98882627779870002D0EDB /* HomeViewController.swift in Sources */ = {isa = PBXBuildFile; fileRef = 9F98882527779870002D0EDB /* HomeViewController.swift */; };
		9F98882927779870002D0EDB /* Main.storyboard in Resources */ = {isa = PBXBuildFile; fileRef = 9F98882727779870002D0EDB /* Main.storyboard */; };
		9F98882B27779871002D0EDB /* Assets.xcassets in Resources */ = {isa = PBXBuildFile; fileRef = 9F98882A27779871002D0EDB /* Assets.xcassets */; };
		9F98882E27779871002D0EDB /* LaunchScreen.storyboard in Resources */ = {isa = PBXBuildFile; fileRef = 9F98882C27779871002D0EDB /* LaunchScreen.storyboard */; };
		9F9888402777ABFD002D0EDB /* UIColor+Colors.swift in Sources */ = {isa = PBXBuildFile; fileRef = 9F98883F2777ABFD002D0EDB /* UIColor+Colors.swift */; };
		9F9C0C482795C05700278FF2 /* SearchedMovies Cell.swift in Sources */ = {isa = PBXBuildFile; fileRef = 9F9C0C472795C05700278FF2 /* SearchedMovies Cell.swift */; };
		9F9C0C55279841A800278FF2 /* Video.swift in Sources */ = {isa = PBXBuildFile; fileRef = 9F9C0C54279841A800278FF2 /* Video.swift */; };
		9F9C0C57279842C100278FF2 /* VideosResponse.swift in Sources */ = {isa = PBXBuildFile; fileRef = 9F9C0C56279842C100278FF2 /* VideosResponse.swift */; };
		9F9C0C5927989E1100278FF2 /* UserReviews Cell.swift in Sources */ = {isa = PBXBuildFile; fileRef = 9F9C0C5827989E1100278FF2 /* UserReviews Cell.swift */; };
		9F9C0C5C2798A28F00278FF2 /* UserReview.swift in Sources */ = {isa = PBXBuildFile; fileRef = 9F9C0C5B2798A28F00278FF2 /* UserReview.swift */; };
		9F9C0C5E2798A2AC00278FF2 /* UserReviewsResponse.swift in Sources */ = {isa = PBXBuildFile; fileRef = 9F9C0C5D2798A2AC00278FF2 /* UserReviewsResponse.swift */; };
		9F9C0C622798F1EC00278FF2 /* FavouriteMovies Cell.swift in Sources */ = {isa = PBXBuildFile; fileRef = 9F9C0C612798F1EB00278FF2 /* FavouriteMovies Cell.swift */; };
		9F9C0C642798F80600278FF2 /* AddMovieToFavourites.swift in Sources */ = {isa = PBXBuildFile; fileRef = 9F9C0C632798F80600278FF2 /* AddMovieToFavourites.swift */; };
		9FB70D042788CFB500CCE203 /* TrendingMovies Cell.swift in Sources */ = {isa = PBXBuildFile; fileRef = 9FB70D032788CFB500CCE203 /* TrendingMovies Cell.swift */; };
		9FB70D062788E26700CCE203 /* CacheManager.swift in Sources */ = {isa = PBXBuildFile; fileRef = 9FB70D052788E26700CCE203 /* CacheManager.swift */; };
		9FB70D082788E4C500CCE203 /* ImageView+Fetching.swift in Sources */ = {isa = PBXBuildFile; fileRef = 9FB70D072788E4C500CCE203 /* ImageView+Fetching.swift */; };
		9FB8D0EF278B922900FB0B2D /* UpcomingMovies Cell.swift in Sources */ = {isa = PBXBuildFile; fileRef = 9FB8D0EE278B922900FB0B2D /* UpcomingMovies Cell.swift */; };
/* End PBXBuildFile section */

/* Begin PBXFileReference section */
		20DC8A98111570D6F5C91548 /* Pods-Movies App.release.xcconfig */ = {isa = PBXFileReference; includeInIndex = 1; lastKnownFileType = text.xcconfig; name = "Pods-Movies App.release.xcconfig"; path = "Target Support Files/Pods-Movies App/Pods-Movies App.release.xcconfig"; sourceTree = "<group>"; };
		2B3681DD55618860A09D00FA /* Pods-Movies App.debug.xcconfig */ = {isa = PBXFileReference; includeInIndex = 1; lastKnownFileType = text.xcconfig; name = "Pods-Movies App.debug.xcconfig"; path = "Target Support Files/Pods-Movies App/Pods-Movies App.debug.xcconfig"; sourceTree = "<group>"; };
		6A942A8DC7450DBA005CC3C5 /* Pods_Movies_App.framework */ = {isa = PBXFileReference; explicitFileType = wrapper.framework; includeInIndex = 0; path = Pods_Movies_App.framework; sourceTree = BUILT_PRODUCTS_DIR; };
		9F1220C9278A169100B5CDE5 /* Genre.swift */ = {isa = PBXFileReference; lastKnownFileType = sourcecode.swift; path = Genre.swift; sourceTree = "<group>"; };
		9F1220CB278A184F00B5CDE5 /* GenresResponse.swift */ = {isa = PBXFileReference; lastKnownFileType = sourcecode.swift; path = GenresResponse.swift; sourceTree = "<group>"; };
		9F23C93F278E000A001C434C /* DetailsViewController.swift */ = {isa = PBXFileReference; lastKnownFileType = sourcecode.swift; path = DetailsViewController.swift; sourceTree = "<group>"; };
		9F23C941278E004E001C434C /* FavouritesViewController.swift */ = {isa = PBXFileReference; lastKnownFileType = sourcecode.swift; path = FavouritesViewController.swift; sourceTree = "<group>"; };
		9F275DFC278B084100C95E2B /* GenresDataBase.swift */ = {isa = PBXFileReference; lastKnownFileType = sourcecode.swift; path = GenresDataBase.swift; sourceTree = "<group>"; };
		9F275E00278B37A500C95E2B /* String+DateFormat.swift */ = {isa = PBXFileReference; lastKnownFileType = sourcecode.swift; path = "String+DateFormat.swift"; sourceTree = "<group>"; };
		9F275E04278B5F9300C95E2B /* StaticEndpoint.swift */ = {isa = PBXFileReference; lastKnownFileType = sourcecode.swift; path = StaticEndpoint.swift; sourceTree = "<group>"; };
		9F275E07278B68B200C95E2B /* UIView+RoundCorners.swift */ = {isa = PBXFileReference; lastKnownFileType = sourcecode.swift; path = "UIView+RoundCorners.swift"; sourceTree = "<group>"; };
		9F32C95C2799EBC200B51B4E /* UIView+Shadow.swift */ = {isa = PBXFileReference; lastKnownFileType = sourcecode.swift; path = "UIView+Shadow.swift"; sourceTree = "<group>"; };
		9F32C961279A0B0100B51B4E /* NotificationName+Keys.swift */ = {isa = PBXFileReference; lastKnownFileType = sourcecode.swift; path = "NotificationName+Keys.swift"; sourceTree = "<group>"; };
		9F39B9AB2778E8E80090D9BA /* Endpoint Protocol.swift */ = {isa = PBXFileReference; lastKnownFileType = sourcecode.swift; path = "Endpoint Protocol.swift"; sourceTree = "<group>"; };
		9F39B9AD2778EA500090D9BA /* MoviesDbEndpoint.swift */ = {isa = PBXFileReference; lastKnownFileType = sourcecode.swift; path = MoviesDbEndpoint.swift; sourceTree = "<group>"; };
		9F39B9AF27791E350090D9BA /* Movie.swift */ = {isa = PBXFileReference; lastKnownFileType = sourcecode.swift; path = Movie.swift; sourceTree = "<group>"; };
		9F39B9B3277923A80090D9BA /* NetworkEngine.swift */ = {isa = PBXFileReference; lastKnownFileType = sourcecode.swift; path = NetworkEngine.swift; sourceTree = "<group>"; };
		9F89344C278CC0EE00360719 /* MoviesResponse.swift */ = {isa = PBXFileReference; lastKnownFileType = sourcecode.swift; path = MoviesResponse.swift; sourceTree = "<group>"; };
		9F89344E278CE23000360719 /* TopRatedMovies Cell.swift */ = {isa = PBXFileReference; lastKnownFileType = sourcecode.swift; path = "TopRatedMovies Cell.swift"; sourceTree = "<group>"; };
		9F8FF65527935D44001FDF67 /* SearchViewController.swift */ = {isa = PBXFileReference; lastKnownFileType = sourcecode.swift; path = SearchViewController.swift; sourceTree = "<group>"; };
		9F8FF6572793699D001FDF67 /* NavigationManager.swift */ = {isa = PBXFileReference; lastKnownFileType = sourcecode.swift; path = NavigationManager.swift; sourceTree = "<group>"; };
		9F98881E27779870002D0EDB /* Movies App.app */ = {isa = PBXFileReference; explicitFileType = wrapper.application; includeInIndex = 0; path = "Movies App.app"; sourceTree = BUILT_PRODUCTS_DIR; };
		9F98882127779870002D0EDB /* AppDelegate.swift */ = {isa = PBXFileReference; lastKnownFileType = sourcecode.swift; path = AppDelegate.swift; sourceTree = "<group>"; };
		9F98882327779870002D0EDB /* SceneDelegate.swift */ = {isa = PBXFileReference; lastKnownFileType = sourcecode.swift; path = SceneDelegate.swift; sourceTree = "<group>"; };
		9F98882527779870002D0EDB /* HomeViewController.swift */ = {isa = PBXFileReference; lastKnownFileType = sourcecode.swift; path = HomeViewController.swift; sourceTree = "<group>"; };
		9F98882827779870002D0EDB /* Base */ = {isa = PBXFileReference; lastKnownFileType = file.storyboard; name = Base; path = Base.lproj/Main.storyboard; sourceTree = "<group>"; };
		9F98882A27779871002D0EDB /* Assets.xcassets */ = {isa = PBXFileReference; lastKnownFileType = folder.assetcatalog; path = Assets.xcassets; sourceTree = "<group>"; };
		9F98882D27779871002D0EDB /* Base */ = {isa = PBXFileReference; lastKnownFileType = file.storyboard; name = Base; path = Base.lproj/LaunchScreen.storyboard; sourceTree = "<group>"; };
		9F98882F27779871002D0EDB /* Info.plist */ = {isa = PBXFileReference; lastKnownFileType = text.plist.xml; path = Info.plist; sourceTree = "<group>"; };
		9F98883F2777ABFD002D0EDB /* UIColor+Colors.swift */ = {isa = PBXFileReference; lastKnownFileType = sourcecode.swift; path = "UIColor+Colors.swift"; sourceTree = "<group>"; };
		9F9C0C472795C05700278FF2 /* SearchedMovies Cell.swift */ = {isa = PBXFileReference; lastKnownFileType = sourcecode.swift; path = "SearchedMovies Cell.swift"; sourceTree = "<group>"; };
		9F9C0C54279841A800278FF2 /* Video.swift */ = {isa = PBXFileReference; lastKnownFileType = sourcecode.swift; path = Video.swift; sourceTree = "<group>"; };
		9F9C0C56279842C100278FF2 /* VideosResponse.swift */ = {isa = PBXFileReference; lastKnownFileType = sourcecode.swift; path = VideosResponse.swift; sourceTree = "<group>"; };
		9F9C0C5827989E1100278FF2 /* UserReviews Cell.swift */ = {isa = PBXFileReference; lastKnownFileType = sourcecode.swift; path = "UserReviews Cell.swift"; sourceTree = "<group>"; };
		9F9C0C5B2798A28F00278FF2 /* UserReview.swift */ = {isa = PBXFileReference; lastKnownFileType = sourcecode.swift; path = UserReview.swift; sourceTree = "<group>"; };
		9F9C0C5D2798A2AC00278FF2 /* UserReviewsResponse.swift */ = {isa = PBXFileReference; lastKnownFileType = sourcecode.swift; path = UserReviewsResponse.swift; sourceTree = "<group>"; };
		9F9C0C612798F1EB00278FF2 /* FavouriteMovies Cell.swift */ = {isa = PBXFileReference; lastKnownFileType = sourcecode.swift; path = "FavouriteMovies Cell.swift"; sourceTree = "<group>"; };
		9F9C0C632798F80600278FF2 /* AddMovieToFavourites.swift */ = {isa = PBXFileReference; lastKnownFileType = sourcecode.swift; path = AddMovieToFavourites.swift; sourceTree = "<group>"; };
		9FB70D032788CFB500CCE203 /* TrendingMovies Cell.swift */ = {isa = PBXFileReference; lastKnownFileType = sourcecode.swift; path = "TrendingMovies Cell.swift"; sourceTree = "<group>"; };
		9FB70D052788E26700CCE203 /* CacheManager.swift */ = {isa = PBXFileReference; lastKnownFileType = sourcecode.swift; path = CacheManager.swift; sourceTree = "<group>"; };
		9FB70D072788E4C500CCE203 /* ImageView+Fetching.swift */ = {isa = PBXFileReference; lastKnownFileType = sourcecode.swift; path = "ImageView+Fetching.swift"; sourceTree = "<group>"; };
		9FB8D0EE278B922900FB0B2D /* UpcomingMovies Cell.swift */ = {isa = PBXFileReference; lastKnownFileType = sourcecode.swift; path = "UpcomingMovies Cell.swift"; sourceTree = "<group>"; };
/* End PBXFileReference section */

/* Begin PBXFrameworksBuildPhase section */
		9F98881B27779870002D0EDB /* Frameworks */ = {
			isa = PBXFrameworksBuildPhase;
			buildActionMask = 2147483647;
			files = (
				161C7A8555A6B478A5AFB2FD /* Pods_Movies_App.framework in Frameworks */,
			);
			runOnlyForDeploymentPostprocessing = 0;
		};
/* End PBXFrameworksBuildPhase section */

/* Begin PBXGroup section */
		2679388EB72EBC7D719CE7C7 /* Frameworks */ = {
			isa = PBXGroup;
			children = (
				6A942A8DC7450DBA005CC3C5 /* Pods_Movies_App.framework */,
			);
			name = Frameworks;
			sourceTree = "<group>";
		};
		4221A11F4324AF465BDF34E9 /* Pods */ = {
			isa = PBXGroup;
			children = (
				2B3681DD55618860A09D00FA /* Pods-Movies App.debug.xcconfig */,
				20DC8A98111570D6F5C91548 /* Pods-Movies App.release.xcconfig */,
			);
			path = Pods;
			sourceTree = "<group>";
		};
		9F23C93B278DFF92001C434C /* Details Page */ = {
			isa = PBXGroup;
			children = (
				9F23C93D278DFFF4001C434C /* Controllers */,
			);
			path = "Details Page";
			sourceTree = "<group>";
		};
		9F23C93C278DFF98001C434C /* Favourites Page */ = {
			isa = PBXGroup;
			children = (
				9F23C93E278DFFFC001C434C /* Controllers */,
			);
			path = "Favourites Page";
			sourceTree = "<group>";
		};
		9F23C93D278DFFF4001C434C /* Controllers */ = {
			isa = PBXGroup;
			children = (
				9F23C93F278E000A001C434C /* DetailsViewController.swift */,
			);
			path = Controllers;
			sourceTree = "<group>";
		};
		9F23C93E278DFFFC001C434C /* Controllers */ = {
			isa = PBXGroup;
			children = (
				9F23C941278E004E001C434C /* FavouritesViewController.swift */,
			);
			path = Controllers;
			sourceTree = "<group>";
		};
		9F275E06278B609800C95E2B /* Static endpoints */ = {
			isa = PBXGroup;
			children = (
				9F275E04278B5F9300C95E2B /* StaticEndpoint.swift */,
			);
			path = "Static endpoints";
			sourceTree = "<group>";
		};
		9F39B9A82778E7EF0090D9BA /* Models */ = {
			isa = PBXGroup;
			children = (
				9F9C0C5B2798A28F00278FF2 /* UserReview.swift */,
				9F39B9AF27791E350090D9BA /* Movie.swift */,
				9F9C0C54279841A800278FF2 /* Video.swift */,
				9F1220C9278A169100B5CDE5 /* Genre.swift */,
				9F89344C278CC0EE00360719 /* MoviesResponse.swift */,
				9F1220CB278A184F00B5CDE5 /* GenresResponse.swift */,
				9F9C0C56279842C100278FF2 /* VideosResponse.swift */,
				9F9C0C5D2798A2AC00278FF2 /* UserReviewsResponse.swift */,
			);
			path = Models;
			sourceTree = "<group>";
		};
		9F39B9A92778E7FA0090D9BA /* Networking */ = {
			isa = PBXGroup;
			children = (
				9F275E06278B609800C95E2B /* Static endpoints */,
				9F39B9AB2778E8E80090D9BA /* Endpoint Protocol.swift */,
				9F39B9AD2778EA500090D9BA /* MoviesDbEndpoint.swift */,
				9F39B9B3277923A80090D9BA /* NetworkEngine.swift */,
			);
			path = Networking;
			sourceTree = "<group>";
		};
		9F8FF65427935CEE001FDF67 /* Search Page */ = {
			isa = PBXGroup;
			children = (
				9F8FF65527935D44001FDF67 /* SearchViewController.swift */,
			);
			path = "Search Page";
			sourceTree = "<group>";
		};
		9F98881527779870002D0EDB = {
			isa = PBXGroup;
			children = (
				9F98882027779870002D0EDB /* Movies App */,
				9F98881F27779870002D0EDB /* Products */,
				4221A11F4324AF465BDF34E9 /* Pods */,
				2679388EB72EBC7D719CE7C7 /* Frameworks */,
			);
			sourceTree = "<group>";
		};
		9F98881F27779870002D0EDB /* Products */ = {
			isa = PBXGroup;
			children = (
				9F98881E27779870002D0EDB /* Movies App.app */,
			);
			name = Products;
			sourceTree = "<group>";
		};
		9F98882027779870002D0EDB /* Movies App */ = {
			isa = PBXGroup;
			children = (
				9F98883C2777ABD9002D0EDB /* Core */,
				9F9888352777A20D002D0EDB /* Root */,
				9F9888382777A224002D0EDB /* Scenes */,
				9F9888372777A21F002D0EDB /* UI */,
				9F9888362777A216002D0EDB /* Configuration */,
				9F98882F27779871002D0EDB /* Info.plist */,
			);
			path = "Movies App";
			sourceTree = "<group>";
		};
		9F9888352777A20D002D0EDB /* Root */ = {
			isa = PBXGroup;
			children = (
				9F98882127779870002D0EDB /* AppDelegate.swift */,
				9F98882327779870002D0EDB /* SceneDelegate.swift */,
			);
			path = Root;
			sourceTree = "<group>";
		};
		9F9888362777A216002D0EDB /* Configuration */ = {
			isa = PBXGroup;
			children = (
				9F98882A27779871002D0EDB /* Assets.xcassets */,
			);
			path = Configuration;
			sourceTree = "<group>";
		};
		9F9888372777A21F002D0EDB /* UI */ = {
			isa = PBXGroup;
			children = (
				9F98882727779870002D0EDB /* Main.storyboard */,
				9F98882C27779871002D0EDB /* LaunchScreen.storyboard */,
			);
			path = UI;
			sourceTree = "<group>";
		};
		9F9888382777A224002D0EDB /* Scenes */ = {
			isa = PBXGroup;
			children = (
				9FB70D022788CF8B00CCE203 /* CollectionView Cells */,
				9F9C0C462795BF8100278FF2 /* TableView Cells */,
				9F8FF65427935CEE001FDF67 /* Search Page */,
				9F9888392777A22A002D0EDB /* Home Page */,
				9F23C93B278DFF92001C434C /* Details Page */,
				9F23C93C278DFF98001C434C /* Favourites Page */,
			);
			path = Scenes;
			sourceTree = "<group>";
		};
		9F9888392777A22A002D0EDB /* Home Page */ = {
			isa = PBXGroup;
			children = (
				9F98883A2777A230002D0EDB /* Controllers */,
			);
			path = "Home Page";
			sourceTree = "<group>";
		};
		9F98883A2777A230002D0EDB /* Controllers */ = {
			isa = PBXGroup;
			children = (
				9F98882527779870002D0EDB /* HomeViewController.swift */,
			);
			path = Controllers;
			sourceTree = "<group>";
		};
		9F98883B2777ABD3002D0EDB /* Extensions */ = {
			isa = PBXGroup;
			children = (
				9F98883F2777ABFD002D0EDB /* UIColor+Colors.swift */,
				9FB70D072788E4C500CCE203 /* ImageView+Fetching.swift */,
				9F275E00278B37A500C95E2B /* String+DateFormat.swift */,
				9F275E07278B68B200C95E2B /* UIView+RoundCorners.swift */,
				9F32C95C2799EBC200B51B4E /* UIView+Shadow.swift */,
				9F32C961279A0B0100B51B4E /* NotificationName+Keys.swift */,
			);
			path = Extensions;
			sourceTree = "<group>";
		};
		9F98883C2777ABD9002D0EDB /* Core */ = {
			isa = PBXGroup;
			children = (
				9F9C0C492795E4A200278FF2 /* Protocols */,
				9F39B9A92778E7FA0090D9BA /* Networking */,
				9F39B9A82778E7EF0090D9BA /* Models */,
				9F98883E2777ABE6002D0EDB /* Service */,
				9F98883D2777ABE2002D0EDB /* Utils */,
				9F98883B2777ABD3002D0EDB /* Extensions */,
			);
			path = Core;
			sourceTree = "<group>";
		};
		9F98883D2777ABE2002D0EDB /* Utils */ = {
			isa = PBXGroup;
			children = (
			);
			path = Utils;
			sourceTree = "<group>";
		};
		9F98883E2777ABE6002D0EDB /* Service */ = {
			isa = PBXGroup;
			children = (
				9F8FF6572793699D001FDF67 /* NavigationManager.swift */,
				9FB70D052788E26700CCE203 /* CacheManager.swift */,
				9F275DFC278B084100C95E2B /* GenresDataBase.swift */,
			);
			path = Service;
			sourceTree = "<group>";
		};
		9F9C0C462795BF8100278FF2 /* TableView Cells */ = {
			isa = PBXGroup;
			children = (
				9F9C0C472795C05700278FF2 /* SearchedMovies Cell.swift */,
				9F9C0C5827989E1100278FF2 /* UserReviews Cell.swift */,
			);
			path = "TableView Cells";
			sourceTree = "<group>";
		};
		9F9C0C492795E4A200278FF2 /* Protocols */ = {
			isa = PBXGroup;
			children = (
				9F9C0C632798F80600278FF2 /* AddMovieToFavourites.swift */,
			);
			path = Protocols;
			sourceTree = "<group>";
		};
		9FB70D022788CF8B00CCE203 /* CollectionView Cells */ = {
			isa = PBXGroup;
			children = (
				9FB70D032788CFB500CCE203 /* TrendingMovies Cell.swift */,
				9FB8D0EE278B922900FB0B2D /* UpcomingMovies Cell.swift */,
				9F89344E278CE23000360719 /* TopRatedMovies Cell.swift */,
				9F9C0C612798F1EB00278FF2 /* FavouriteMovies Cell.swift */,
			);
			path = "CollectionView Cells";
			sourceTree = "<group>";
		};
/* End PBXGroup section */

/* Begin PBXNativeTarget section */
		9F98881D27779870002D0EDB /* Movies App */ = {
			isa = PBXNativeTarget;
			buildConfigurationList = 9F98883227779871002D0EDB /* Build configuration list for PBXNativeTarget "Movies App" */;
			buildPhases = (
				A6EBAF1682E59A09DF5E210C /* [CP] Check Pods Manifest.lock */,
				9F98881A27779870002D0EDB /* Sources */,
				9F98881B27779870002D0EDB /* Frameworks */,
				9F98881C27779870002D0EDB /* Resources */,
				7F2621A8508432F40F52BEFC /* [CP] Embed Pods Frameworks */,
			);
			buildRules = (
			);
			dependencies = (
			);
			name = "Movies App";
			productName = "Movies App";
			productReference = 9F98881E27779870002D0EDB /* Movies App.app */;
			productType = "com.apple.product-type.application";
		};
/* End PBXNativeTarget section */

/* Begin PBXProject section */
		9F98881627779870002D0EDB /* Project object */ = {
			isa = PBXProject;
			attributes = {
				BuildIndependentTargetsInParallel = 1;
				LastSwiftUpdateCheck = 1320;
				LastUpgradeCheck = 1320;
				TargetAttributes = {
					9F98881D27779870002D0EDB = {
						CreatedOnToolsVersion = 13.2;
					};
				};
			};
			buildConfigurationList = 9F98881927779870002D0EDB /* Build configuration list for PBXProject "Movies App" */;
			compatibilityVersion = "Xcode 13.0";
			developmentRegion = en;
			hasScannedForEncodings = 0;
			knownRegions = (
				en,
				Base,
			);
			mainGroup = 9F98881527779870002D0EDB;
			productRefGroup = 9F98881F27779870002D0EDB /* Products */;
			projectDirPath = "";
			projectRoot = "";
			targets = (
				9F98881D27779870002D0EDB /* Movies App */,
			);
		};
/* End PBXProject section */

/* Begin PBXResourcesBuildPhase section */
		9F98881C27779870002D0EDB /* Resources */ = {
			isa = PBXResourcesBuildPhase;
			buildActionMask = 2147483647;
			files = (
				9F98882E27779871002D0EDB /* LaunchScreen.storyboard in Resources */,
				9F98882B27779871002D0EDB /* Assets.xcassets in Resources */,
				9F98882927779870002D0EDB /* Main.storyboard in Resources */,
			);
			runOnlyForDeploymentPostprocessing = 0;
		};
/* End PBXResourcesBuildPhase section */

/* Begin PBXShellScriptBuildPhase section */
		7F2621A8508432F40F52BEFC /* [CP] Embed Pods Frameworks */ = {
			isa = PBXShellScriptBuildPhase;
			buildActionMask = 2147483647;
			files = (
			);
			inputFileListPaths = (
				"${PODS_ROOT}/Target Support Files/Pods-Movies App/Pods-Movies App-frameworks-${CONFIGURATION}-input-files.xcfilelist",
			);
			name = "[CP] Embed Pods Frameworks";
			outputFileListPaths = (
				"${PODS_ROOT}/Target Support Files/Pods-Movies App/Pods-Movies App-frameworks-${CONFIGURATION}-output-files.xcfilelist",
			);
			runOnlyForDeploymentPostprocessing = 0;
			shellPath = /bin/sh;
			shellScript = "\"${PODS_ROOT}/Target Support Files/Pods-Movies App/Pods-Movies App-frameworks.sh\"\n";
			showEnvVarsInLog = 0;
		};
		A6EBAF1682E59A09DF5E210C /* [CP] Check Pods Manifest.lock */ = {
			isa = PBXShellScriptBuildPhase;
			buildActionMask = 2147483647;
			files = (
			);
			inputFileListPaths = (
			);
			inputPaths = (
				"${PODS_PODFILE_DIR_PATH}/Podfile.lock",
				"${PODS_ROOT}/Manifest.lock",
			);
			name = "[CP] Check Pods Manifest.lock";
			outputFileListPaths = (
			);
			outputPaths = (
				"$(DERIVED_FILE_DIR)/Pods-Movies App-checkManifestLockResult.txt",
			);
			runOnlyForDeploymentPostprocessing = 0;
			shellPath = /bin/sh;
			shellScript = "diff \"${PODS_PODFILE_DIR_PATH}/Podfile.lock\" \"${PODS_ROOT}/Manifest.lock\" > /dev/null\nif [ $? != 0 ] ; then\n    # print error to STDERR\n    echo \"error: The sandbox is not in sync with the Podfile.lock. Run 'pod install' or update your CocoaPods installation.\" >&2\n    exit 1\nfi\n# This output is used by Xcode 'outputs' to avoid re-running this script phase.\necho \"SUCCESS\" > \"${SCRIPT_OUTPUT_FILE_0}\"\n";
			showEnvVarsInLog = 0;
		};
/* End PBXShellScriptBuildPhase section */

/* Begin PBXSourcesBuildPhase section */
		9F98881A27779870002D0EDB /* Sources */ = {
			isa = PBXSourcesBuildPhase;
			buildActionMask = 2147483647;
			files = (
				9F9C0C57279842C100278FF2 /* VideosResponse.swift in Sources */,
				9F9C0C5E2798A2AC00278FF2 /* UserReviewsResponse.swift in Sources */,
				9F275E08278B68B200C95E2B /* UIView+RoundCorners.swift in Sources */,
				9FB70D082788E4C500CCE203 /* ImageView+Fetching.swift in Sources */,
				9F32C95D2799EBC200B51B4E /* UIView+Shadow.swift in Sources */,
				9F89344F278CE23000360719 /* TopRatedMovies Cell.swift in Sources */,
				9F9C0C5C2798A28F00278FF2 /* UserReview.swift in Sources */,
				9F39B9B027791E350090D9BA /* Movie.swift in Sources */,
				9F9C0C55279841A800278FF2 /* Video.swift in Sources */,
				9F9C0C482795C05700278FF2 /* SearchedMovies Cell.swift in Sources */,
				9F9C0C642798F80600278FF2 /* AddMovieToFavourites.swift in Sources */,
				9F98882627779870002D0EDB /* HomeViewController.swift in Sources */,
				9F8FF6582793699D001FDF67 /* NavigationManager.swift in Sources */,
				9F275DFD278B084100C95E2B /* GenresDataBase.swift in Sources */,
				9F98882227779870002D0EDB /* AppDelegate.swift in Sources */,
				9F98882427779870002D0EDB /* SceneDelegate.swift in Sources */,
				9F9C0C5927989E1100278FF2 /* UserReviews Cell.swift in Sources */,
				9F275E05278B5F9300C95E2B /* StaticEndpoint.swift in Sources */,
				9F39B9B4277923A80090D9BA /* NetworkEngine.swift in Sources */,
				9F32C962279A0B0100B51B4E /* NotificationName+Keys.swift in Sources */,
				9FB70D062788E26700CCE203 /* CacheManager.swift in Sources */,
				9F1220CC278A184F00B5CDE5 /* GenresResponse.swift in Sources */,
				9FB70D042788CFB500CCE203 /* TrendingMovies Cell.swift in Sources */,
				9F8FF65627935D44001FDF67 /* SearchViewController.swift in Sources */,
				9F275E01278B37A500C95E2B /* String+DateFormat.swift in Sources */,
				9F23C942278E004E001C434C /* FavouritesViewController.swift in Sources */,
				9F9C0C622798F1EC00278FF2 /* FavouriteMovies Cell.swift in Sources */,
				9F1220CA278A169100B5CDE5 /* Genre.swift in Sources */,
				9F89344D278CC0EE00360719 /* MoviesResponse.swift in Sources */,
				9F39B9AE2778EA500090D9BA /* MoviesDbEndpoint.swift in Sources */,
				9F23C940278E000A001C434C /* DetailsViewController.swift in Sources */,
				9FB8D0EF278B922900FB0B2D /* UpcomingMovies Cell.swift in Sources */,
				9F9888402777ABFD002D0EDB /* UIColor+Colors.swift in Sources */,
				9F39B9AC2778E8E80090D9BA /* Endpoint Protocol.swift in Sources */,
			);
			runOnlyForDeploymentPostprocessing = 0;
		};
/* End PBXSourcesBuildPhase section */

/* Begin PBXVariantGroup section */
		9F98882727779870002D0EDB /* Main.storyboard */ = {
			isa = PBXVariantGroup;
			children = (
				9F98882827779870002D0EDB /* Base */,
			);
			name = Main.storyboard;
			sourceTree = "<group>";
		};
		9F98882C27779871002D0EDB /* LaunchScreen.storyboard */ = {
			isa = PBXVariantGroup;
			children = (
				9F98882D27779871002D0EDB /* Base */,
			);
			name = LaunchScreen.storyboard;
			sourceTree = "<group>";
		};
/* End PBXVariantGroup section */

/* Begin XCBuildConfiguration section */
		9F98883027779871002D0EDB /* Debug */ = {
			isa = XCBuildConfiguration;
			buildSettings = {
				ALWAYS_SEARCH_USER_PATHS = NO;
				CLANG_ANALYZER_NONNULL = YES;
				CLANG_ANALYZER_NUMBER_OBJECT_CONVERSION = YES_AGGRESSIVE;
				CLANG_CXX_LANGUAGE_STANDARD = "gnu++17";
				CLANG_CXX_LIBRARY = "libc++";
				CLANG_ENABLE_MODULES = YES;
				CLANG_ENABLE_OBJC_ARC = YES;
				CLANG_ENABLE_OBJC_WEAK = YES;
				CLANG_WARN_BLOCK_CAPTURE_AUTORELEASING = YES;
				CLANG_WARN_BOOL_CONVERSION = YES;
				CLANG_WARN_COMMA = YES;
				CLANG_WARN_CONSTANT_CONVERSION = YES;
				CLANG_WARN_DEPRECATED_OBJC_IMPLEMENTATIONS = YES;
				CLANG_WARN_DIRECT_OBJC_ISA_USAGE = YES_ERROR;
				CLANG_WARN_DOCUMENTATION_COMMENTS = YES;
				CLANG_WARN_EMPTY_BODY = YES;
				CLANG_WARN_ENUM_CONVERSION = YES;
				CLANG_WARN_INFINITE_RECURSION = YES;
				CLANG_WARN_INT_CONVERSION = YES;
				CLANG_WARN_NON_LITERAL_NULL_CONVERSION = YES;
				CLANG_WARN_OBJC_IMPLICIT_RETAIN_SELF = YES;
				CLANG_WARN_OBJC_LITERAL_CONVERSION = YES;
				CLANG_WARN_OBJC_ROOT_CLASS = YES_ERROR;
				CLANG_WARN_QUOTED_INCLUDE_IN_FRAMEWORK_HEADER = YES;
				CLANG_WARN_RANGE_LOOP_ANALYSIS = YES;
				CLANG_WARN_STRICT_PROTOTYPES = YES;
				CLANG_WARN_SUSPICIOUS_MOVE = YES;
				CLANG_WARN_UNGUARDED_AVAILABILITY = YES_AGGRESSIVE;
				CLANG_WARN_UNREACHABLE_CODE = YES;
				CLANG_WARN__DUPLICATE_METHOD_MATCH = YES;
				COPY_PHASE_STRIP = NO;
				DEBUG_INFORMATION_FORMAT = dwarf;
				ENABLE_STRICT_OBJC_MSGSEND = YES;
				ENABLE_TESTABILITY = YES;
				GCC_C_LANGUAGE_STANDARD = gnu11;
				GCC_DYNAMIC_NO_PIC = NO;
				GCC_NO_COMMON_BLOCKS = YES;
				GCC_OPTIMIZATION_LEVEL = 0;
				GCC_PREPROCESSOR_DEFINITIONS = (
					"DEBUG=1",
					"$(inherited)",
				);
				GCC_WARN_64_TO_32_BIT_CONVERSION = YES;
				GCC_WARN_ABOUT_RETURN_TYPE = YES_ERROR;
				GCC_WARN_UNDECLARED_SELECTOR = YES;
				GCC_WARN_UNINITIALIZED_AUTOS = YES_AGGRESSIVE;
				GCC_WARN_UNUSED_FUNCTION = YES;
				GCC_WARN_UNUSED_VARIABLE = YES;
				IPHONEOS_DEPLOYMENT_TARGET = 15.2;
				MTL_ENABLE_DEBUG_INFO = INCLUDE_SOURCE;
				MTL_FAST_MATH = YES;
				ONLY_ACTIVE_ARCH = YES;
				SDKROOT = iphoneos;
				SWIFT_ACTIVE_COMPILATION_CONDITIONS = DEBUG;
				SWIFT_OPTIMIZATION_LEVEL = "-Onone";
			};
			name = Debug;
		};
		9F98883127779871002D0EDB /* Release */ = {
			isa = XCBuildConfiguration;
			buildSettings = {
				ALWAYS_SEARCH_USER_PATHS = NO;
				CLANG_ANALYZER_NONNULL = YES;
				CLANG_ANALYZER_NUMBER_OBJECT_CONVERSION = YES_AGGRESSIVE;
				CLANG_CXX_LANGUAGE_STANDARD = "gnu++17";
				CLANG_CXX_LIBRARY = "libc++";
				CLANG_ENABLE_MODULES = YES;
				CLANG_ENABLE_OBJC_ARC = YES;
				CLANG_ENABLE_OBJC_WEAK = YES;
				CLANG_WARN_BLOCK_CAPTURE_AUTORELEASING = YES;
				CLANG_WARN_BOOL_CONVERSION = YES;
				CLANG_WARN_COMMA = YES;
				CLANG_WARN_CONSTANT_CONVERSION = YES;
				CLANG_WARN_DEPRECATED_OBJC_IMPLEMENTATIONS = YES;
				CLANG_WARN_DIRECT_OBJC_ISA_USAGE = YES_ERROR;
				CLANG_WARN_DOCUMENTATION_COMMENTS = YES;
				CLANG_WARN_EMPTY_BODY = YES;
				CLANG_WARN_ENUM_CONVERSION = YES;
				CLANG_WARN_INFINITE_RECURSION = YES;
				CLANG_WARN_INT_CONVERSION = YES;
				CLANG_WARN_NON_LITERAL_NULL_CONVERSION = YES;
				CLANG_WARN_OBJC_IMPLICIT_RETAIN_SELF = YES;
				CLANG_WARN_OBJC_LITERAL_CONVERSION = YES;
				CLANG_WARN_OBJC_ROOT_CLASS = YES_ERROR;
				CLANG_WARN_QUOTED_INCLUDE_IN_FRAMEWORK_HEADER = YES;
				CLANG_WARN_RANGE_LOOP_ANALYSIS = YES;
				CLANG_WARN_STRICT_PROTOTYPES = YES;
				CLANG_WARN_SUSPICIOUS_MOVE = YES;
				CLANG_WARN_UNGUARDED_AVAILABILITY = YES_AGGRESSIVE;
				CLANG_WARN_UNREACHABLE_CODE = YES;
				CLANG_WARN__DUPLICATE_METHOD_MATCH = YES;
				COPY_PHASE_STRIP = NO;
				DEBUG_INFORMATION_FORMAT = "dwarf-with-dsym";
				ENABLE_NS_ASSERTIONS = NO;
				ENABLE_STRICT_OBJC_MSGSEND = YES;
				GCC_C_LANGUAGE_STANDARD = gnu11;
				GCC_NO_COMMON_BLOCKS = YES;
				GCC_WARN_64_TO_32_BIT_CONVERSION = YES;
				GCC_WARN_ABOUT_RETURN_TYPE = YES_ERROR;
				GCC_WARN_UNDECLARED_SELECTOR = YES;
				GCC_WARN_UNINITIALIZED_AUTOS = YES_AGGRESSIVE;
				GCC_WARN_UNUSED_FUNCTION = YES;
				GCC_WARN_UNUSED_VARIABLE = YES;
				IPHONEOS_DEPLOYMENT_TARGET = 15.2;
				MTL_ENABLE_DEBUG_INFO = NO;
				MTL_FAST_MATH = YES;
				SDKROOT = iphoneos;
				SWIFT_COMPILATION_MODE = wholemodule;
				SWIFT_OPTIMIZATION_LEVEL = "-O";
				VALIDATE_PRODUCT = YES;
			};
			name = Release;
		};
		9F98883327779871002D0EDB /* Debug */ = {
			isa = XCBuildConfiguration;
			baseConfigurationReference = 2B3681DD55618860A09D00FA /* Pods-Movies App.debug.xcconfig */;
			buildSettings = {
				ASSETCATALOG_COMPILER_APPICON_NAME = AppIcon;
				ASSETCATALOG_COMPILER_GLOBAL_ACCENT_COLOR_NAME = AccentColor;
				CODE_SIGN_STYLE = Automatic;
				CURRENT_PROJECT_VERSION = 1;
				DEVELOPMENT_TEAM = 8JDHD2Z7HU;
				GENERATE_INFOPLIST_FILE = YES;
				INFOPLIST_FILE = "Movies App/Info.plist";
				INFOPLIST_KEY_UIApplicationSupportsIndirectInputEvents = YES;
				INFOPLIST_KEY_UILaunchStoryboardName = LaunchScreen;
				INFOPLIST_KEY_UIMainStoryboardFile = Main;
				INFOPLIST_KEY_UISupportedInterfaceOrientations_iPad = "UIInterfaceOrientationPortrait UIInterfaceOrientationPortraitUpsideDown UIInterfaceOrientationLandscapeLeft UIInterfaceOrientationLandscapeRight";
				INFOPLIST_KEY_UISupportedInterfaceOrientations_iPhone = "UIInterfaceOrientationPortrait UIInterfaceOrientationLandscapeLeft UIInterfaceOrientationLandscapeRight";
				LD_RUNPATH_SEARCH_PATHS = (
					"$(inherited)",
					"@executable_path/Frameworks",
				);
				MARKETING_VERSION = 1.0;
				PRODUCT_BUNDLE_IDENTIFIER = "aleksandre.Movies-App";
				PRODUCT_NAME = "$(TARGET_NAME)";
				SWIFT_EMIT_LOC_STRINGS = YES;
				SWIFT_VERSION = 5.0;
				TARGETED_DEVICE_FAMILY = "1,2";
			};
			name = Debug;
		};
		9F98883427779871002D0EDB /* Release */ = {
			isa = XCBuildConfiguration;
			baseConfigurationReference = 20DC8A98111570D6F5C91548 /* Pods-Movies App.release.xcconfig */;
			buildSettings = {
				ASSETCATALOG_COMPILER_APPICON_NAME = AppIcon;
				ASSETCATALOG_COMPILER_GLOBAL_ACCENT_COLOR_NAME = AccentColor;
				CODE_SIGN_STYLE = Automatic;
				CURRENT_PROJECT_VERSION = 1;
				DEVELOPMENT_TEAM = 8JDHD2Z7HU;
				GENERATE_INFOPLIST_FILE = YES;
				INFOPLIST_FILE = "Movies App/Info.plist";
				INFOPLIST_KEY_UIApplicationSupportsIndirectInputEvents = YES;
				INFOPLIST_KEY_UILaunchStoryboardName = LaunchScreen;
				INFOPLIST_KEY_UIMainStoryboardFile = Main;
				INFOPLIST_KEY_UISupportedInterfaceOrientations_iPad = "UIInterfaceOrientationPortrait UIInterfaceOrientationPortraitUpsideDown UIInterfaceOrientationLandscapeLeft UIInterfaceOrientationLandscapeRight";
				INFOPLIST_KEY_UISupportedInterfaceOrientations_iPhone = "UIInterfaceOrientationPortrait UIInterfaceOrientationLandscapeLeft UIInterfaceOrientationLandscapeRight";
				LD_RUNPATH_SEARCH_PATHS = (
					"$(inherited)",
					"@executable_path/Frameworks",
				);
				MARKETING_VERSION = 1.0;
				PRODUCT_BUNDLE_IDENTIFIER = "aleksandre.Movies-App";
				PRODUCT_NAME = "$(TARGET_NAME)";
				SWIFT_EMIT_LOC_STRINGS = YES;
				SWIFT_VERSION = 5.0;
				TARGETED_DEVICE_FAMILY = "1,2";
			};
			name = Release;
		};
/* End XCBuildConfiguration section */

/* Begin XCConfigurationList section */
		9F98881927779870002D0EDB /* Build configuration list for PBXProject "Movies App" */ = {
			isa = XCConfigurationList;
			buildConfigurations = (
				9F98883027779871002D0EDB /* Debug */,
				9F98883127779871002D0EDB /* Release */,
			);
			defaultConfigurationIsVisible = 0;
			defaultConfigurationName = Release;
		};
		9F98883227779871002D0EDB /* Build configuration list for PBXNativeTarget "Movies App" */ = {
			isa = XCConfigurationList;
			buildConfigurations = (
				9F98883327779871002D0EDB /* Debug */,
				9F98883427779871002D0EDB /* Release */,
			);
			defaultConfigurationIsVisible = 0;
			defaultConfigurationName = Release;
		};
/* End XCConfigurationList section */
	};
	rootObject = 9F98881627779870002D0EDB /* Project object */;
}
